{
    "_meta": {
        "hash": {
            "sha256": "18400af74462b924f7c318486147d11ee9362d3f70b5135160dd6dc3ed8a65b2"
        },
        "pipfile-spec": 6,
        "requires": {
            "bs4": "*",
            "cufflinks": "*",
            "django": "*",
            "flask": "*",
            "matplotlib": "*",
            "numpy": "*",
            "pandas": "*",
            "plotly": "*",
            "python_version": "3.12",
            "requests": "*",
            "scikit-learn": "*",
            "seaborn": "*"
        },
        "sources": [
            {
                "name": "pypi",
                "url": "https://pypi.org/simple",
                "verify_ssl": true
            }
        ]
    },
    "default": {},
    "develop": {}
}
